
Microsoft Visual Studio Solution File, Format Version 12.00
# Visual Studio Version 17
VisualStudioVersion = 17.4.33205.214
MinimumVisualStudioVersion = 10.0.40219.1
Project("{9A19103F-16F7-4668-BE54-9A1E7A4F7556}") = "AP.task.1", "AP.task.1\AP.task.1.csproj", "{2EE8227F-E51E-4135-9511-4DC33597BB41}"
EndProject
Global
	GlobalSection(SolutionConfigurationPlatforms) = preSolution
		Debug|Any CPU = Debug|Any CPU
		Release|Any CPU = Release|Any CPU
	EndGlobalSection
	GlobalSection(ProjectConfigurationPlatforms) = postSolution
		{2EE8227F-E51E-4135-9511-4DC33597BB41}.Debug|Any CPU.ActiveCfg = Debug|Any CPU
		{2EE8227F-E51E-4135-9511-4DC33597BB41}.Debug|Any CPU.Build.0 = Debug|Any CPU
		{2EE8227F-E51E-4135-9511-4DC33597BB41}.Release|Any CPU.ActiveCfg = Release|Any CPU
		{2EE8227F-E51E-4135-9511-4DC33597BB41}.Release|Any CPU.Build.0 = Release|Any CPU
	EndGlobalSection
	GlobalSection(SolutionProperties) = preSolution
		HideSolutionNode = FALSE
	EndGlobalSection
	GlobalSection(ExtensibilityGlobals) = postSolution
		SolutionGuid = {69BA2593-34E4-4258-8C2B-A4FC596F318D}
	EndGlobalSection
EndGlobal
